
Microsoft Visual Studio Solution File, Format Version 11.00
# Visual Studio 2010
Project("{FAE04EC0-301F-11D3-BF4B-00C04F79EFBC}") = "Assembly-CSharp", "Assembly-CSharp.csproj", "{ddf13a5a-bc07-75c6-810e-1c42efb5e99c}"
EndProject
Project("{FAE04EC0-301F-11D3-BF4B-00C04F79EFBC}") = "Assembly-CSharp-firstpass", "Assembly-CSharp-firstpass.csproj", "{3d69cff0-f7f5-ca03-f3d9-506748db1845}"
EndProject
Project("{FAE04EC0-301F-11D3-BF4B-00C04F79EFBC}") = "Assembly-CSharp-Editor", "Assembly-CSharp-Editor.csproj", "{25f44410-a062-5979-574c-150962fa45b6}"
EndProject
Project("{FAE04EC0-301F-11D3-BF4B-00C04F79EFBC}") = "Assembly-CSharp-Editor-firstpass", "Assembly-CSharp-Editor-firstpass.csproj", "{1445149b-c20b-4d5a-399e-5b73c23fed5d}"
EndProject
Global
	GlobalSection(SolutionConfigurationPlatforms) = preSolution
		Debug|Any CPU = Debug|Any CPU
	EndGlobalSection
	GlobalSection(ProjectConfigurationPlatforms) = postSolution
		{ddf13a5a-bc07-75c6-810e-1c42efb5e99c}.Debug|Any CPU.ActiveCfg = Debug|Any CPU
		{ddf13a5a-bc07-75c6-810e-1c42efb5e99c}.Debug|Any CPU.Build.0 = Debug|Any CPU
		{3d69cff0-f7f5-ca03-f3d9-506748db1845}.Debug|Any CPU.ActiveCfg = Debug|Any CPU
		{3d69cff0-f7f5-ca03-f3d9-506748db1845}.Debug|Any CPU.Build.0 = Debug|Any CPU
		{25f44410-a062-5979-574c-150962fa45b6}.Debug|Any CPU.ActiveCfg = Debug|Any CPU
		{25f44410-a062-5979-574c-150962fa45b6}.Debug|Any CPU.Build.0 = Debug|Any CPU
		{1445149b-c20b-4d5a-399e-5b73c23fed5d}.Debug|Any CPU.ActiveCfg = Debug|Any CPU
		{1445149b-c20b-4d5a-399e-5b73c23fed5d}.Debug|Any CPU.Build.0 = Debug|Any CPU
	EndGlobalSection
	GlobalSection(SolutionProperties) = preSolution
		HideSolutionNode = FALSE
	EndGlobalSection
EndGlobal
